
Microsoft Visual Studio Solution File, Format Version 12.00
# Visual Studio Version 17
VisualStudioVersion = 17.14.36717.8
MinimumVisualStudioVersion = 10.0.40219.1
Project("{FAE04EC0-301F-11D3-BF4B-00C04F79EFBC}") = "OOP8", "OOP8.csproj", "{1FA6FD67-9EEE-46A8-BEC0-4E9993A8BC1A}"
EndProject
Project("{FAE04EC0-301F-11D3-BF4B-00C04F79EFBC}") = "MyClass", "..\MyClass\MyClass.csproj", "{6C1435D0-3CC5-4E23-B815-756D61986039}"
EndProject
Global
	GlobalSection(SolutionConfigurationPlatforms) = preSolution
		Debug|Any CPU = Debug|Any CPU
		Release|Any CPU = Release|Any CPU
	EndGlobalSection
	GlobalSection(ProjectConfigurationPlatforms) = postSolution
		{1FA6FD67-9EEE-46A8-BEC0-4E9993A8BC1A}.Debug|Any CPU.ActiveCfg = Debug|Any CPU
		{1FA6FD67-9EEE-46A8-BEC0-4E9993A8BC1A}.Debug|Any CPU.Build.0 = Debug|Any CPU
		{1FA6FD67-9EEE-46A8-BEC0-4E9993A8BC1A}.Release|Any CPU.ActiveCfg = Release|Any CPU
		{1FA6FD67-9EEE-46A8-BEC0-4E9993A8BC1A}.Release|Any CPU.Build.0 = Release|Any CPU
		{6C1435D0-3CC5-4E23-B815-756D61986039}.Debug|Any CPU.ActiveCfg = Debug|Any CPU
		{6C1435D0-3CC5-4E23-B815-756D61986039}.Debug|Any CPU.Build.0 = Debug|Any CPU
		{6C1435D0-3CC5-4E23-B815-756D61986039}.Release|Any CPU.ActiveCfg = Release|Any CPU
		{6C1435D0-3CC5-4E23-B815-756D61986039}.Release|Any CPU.Build.0 = Release|Any CPU
	EndGlobalSection
	GlobalSection(SolutionProperties) = preSolution
		HideSolutionNode = FALSE
	EndGlobalSection
	GlobalSection(ExtensibilityGlobals) = postSolution
		SolutionGuid = {B96FD767-4B55-4967-83B4-1AF878C85762}
	EndGlobalSection
EndGlobal
